
Microsoft Visual Studio Solution File, Format Version 12.00
# Visual Studio 2015
Project("{FAE04EC0-301F-11D3-BF4B-00C04F79EFBC}") = "UNITY.CSharp", "UNITY.CSharp.csproj", "{23AF0620-ACF9-C9CB-59AC-B1CFAA1921AF}"
EndProject
Project("{FAE04EC0-301F-11D3-BF4B-00C04F79EFBC}") = "UNITY.CSharp.Editor", "UNITY.CSharp.Editor.csproj", "{50565FD4-D21E-0A58-CF73-B56B007D9504}"
EndProject
Global
	GlobalSection(SolutionConfigurationPlatforms) = preSolution
		Debug|Any CPU = Debug|Any CPU
		Release|Any CPU = Release|Any CPU
	EndGlobalSection
	GlobalSection(ProjectConfigurationPlatforms) = postSolution
		{23AF0620-ACF9-C9CB-59AC-B1CFAA1921AF}.Debug|Any CPU.ActiveCfg = Debug|Any CPU
		{23AF0620-ACF9-C9CB-59AC-B1CFAA1921AF}.Debug|Any CPU.Build.0 = Debug|Any CPU
		{23AF0620-ACF9-C9CB-59AC-B1CFAA1921AF}.Release|Any CPU.ActiveCfg = Release|Any CPU
		{23AF0620-ACF9-C9CB-59AC-B1CFAA1921AF}.Release|Any CPU.Build.0 = Release|Any CPU
		{50565FD4-D21E-0A58-CF73-B56B007D9504}.Debug|Any CPU.ActiveCfg = Debug|Any CPU
		{50565FD4-D21E-0A58-CF73-B56B007D9504}.Debug|Any CPU.Build.0 = Debug|Any CPU
		{50565FD4-D21E-0A58-CF73-B56B007D9504}.Release|Any CPU.ActiveCfg = Release|Any CPU
		{50565FD4-D21E-0A58-CF73-B56B007D9504}.Release|Any CPU.Build.0 = Release|Any CPU
	EndGlobalSection
	GlobalSection(SolutionProperties) = preSolution
		HideSolutionNode = FALSE
	EndGlobalSection
EndGlobal
