Microsoft Visual Studio Solution File, Format Version 11.00
# Visual Studio 2008

Project("{D1999ED8-74CC-C134-47B6-DCE54F6BE079}") = "UNITY", "Assembly-CSharp.csproj", "{193E8780-235F-C36B-4D27-68301175BEA0}"
EndProject
Project("{D1999ED8-74CC-C134-47B6-DCE54F6BE079}") = "UNITY", "Assembly-CSharp-Editor.csproj", "{C60CB890-352A-A84B-ACFA-F6E34B8B5444}"
EndProject
Global
	GlobalSection(SolutionConfigurationPlatforms) = preSolution
		Debug|Any CPU = Debug|Any CPU
		Release|Any CPU = Release|Any CPU
	EndGlobalSection
	GlobalSection(ProjectConfigurationPlatforms) = postSolution
		{193E8780-235F-C36B-4D27-68301175BEA0}.Debug|Any CPU.ActiveCfg = Debug|Any CPU
		{193E8780-235F-C36B-4D27-68301175BEA0}.Debug|Any CPU.Build.0 = Debug|Any CPU
		{193E8780-235F-C36B-4D27-68301175BEA0}.Release|Any CPU.ActiveCfg = Release|Any CPU
		{193E8780-235F-C36B-4D27-68301175BEA0}.Release|Any CPU.Build.0 = Release|Any CPU
		{C60CB890-352A-A84B-ACFA-F6E34B8B5444}.Debug|Any CPU.ActiveCfg = Debug|Any CPU
		{C60CB890-352A-A84B-ACFA-F6E34B8B5444}.Debug|Any CPU.Build.0 = Debug|Any CPU
		{C60CB890-352A-A84B-ACFA-F6E34B8B5444}.Release|Any CPU.ActiveCfg = Release|Any CPU
		{C60CB890-352A-A84B-ACFA-F6E34B8B5444}.Release|Any CPU.Build.0 = Release|Any CPU
	EndGlobalSection
	GlobalSection(SolutionProperties) = preSolution
		HideSolutionNode = FALSE
	EndGlobalSection
	GlobalSection(MonoDevelopProperties) = preSolution
		StartupItem = Assembly-CSharp.csproj
	EndGlobalSection
EndGlobal
